dependencies:
  espressif/cbor:
    component_hash: 440f4ee4504841cc9b4f3a8ef755776a612ac9dace355514c68b999868f990ff
    dependencies:
    - name: idf
      require: private
      version: '>=4.3'
    source:
      registry_url: https://components.espressif.com/
      type: service
    version: 0.6.0~1
  espressif/esp_lcd_sh1107:
    component_hash: 9cc00a4d066e3e1d120fd2006d30612766488379b820804092a9bfedb3c1f93c
    dependencies:
    - name: idf
      require: private
      version: '>=4.4'
    source:
      registry_url: https://components.espressif.com/
      type: service
    version: 1.1.0
  espressif/mdns:
    component_hash: d36b265164be5139f92de993f08f5ecaa0de0c0acbf84deee1f10bb5902d04ff
    dependencies:
    - name: idf
      require: private
      version: '>=5.0'
    source:
      registry_url: https://components.espressif.com/
      type: service
    version: 1.4.3
  idf:
    source:
      type: idf
    version: 5.4.0
  lvgl/lvgl:
    component_hash: 2409fdc84e9766d2a18afd84b051aef3f838348136cdb1c10ac2e8bcdb012bf6
    dependencies: []
    source:
      registry_url: https://components.espressif.com/
      type: service
    version: 9.2.0
direct_dependencies:
- espressif/cbor
- espressif/esp_lcd_sh1107
- espressif/mdns
- lvgl/lvgl
manifest_hash: 985a2aec0635aaddfa416889bd807058c8285d343f3cda7cdafe0760cb5adfad
target: esp32c6
version: 2.0.0
